{
  "version": 4,
  "terraform_version": "1.1.0",
  "serial": 10,
  "lineage": "2ade2997-5d0f-6e09-34dd-5e331ab22f44",
  "outputs": {
    "ip": {
      "value": "23.99.199.17",
      "type": "string"
    },
    "ssh_connection_string": {
      "value": "ssh -i ./.ssh/id_rsa ubuntu@23.99.199.17",
      "type": "string"
    }
  },
  "resources": [
    {
      "mode": "data",
      "type": "azurerm_public_ip",
      "name": "vm",
      "provider": "provider[\"registry.terraform.io/hashicorp/azurerm\"]",
      "instances": [
        {
          "schema_version": 0,
          "attributes": {
            "allocation_method": "Dynamic",
            "domain_name_label": "",
            "fqdn": "",
            "id": "/subscriptions/808d89db-240f-46be-842e-c351bb8f968a/resourceGroups/hitc/providers/Microsoft.Network/publicIPAddresses/hitc",
            "idle_timeout_in_minutes": 4,
            "ip_address": "23.99.199.17",
            "ip_version": "IPv4",
            "location": "centralus",
            "name": "hitc",
            "resource_group_name": "hitc",
            "reverse_fqdn": "",
            "sku": "Basic",
            "tags": {},
            "timeouts": null,
            "zones": []
          },
          "sensitive_attributes": []
        }
      ]
    },
    {
      "mode": "data",
      "type": "azurerm_subscription",
      "name": "current",
      "provider": "provider[\"registry.terraform.io/hashicorp/azurerm\"]",
      "instances": [
        {
          "schema_version": 0,
          "attributes": {
            "display_name": "Azure Pass - Sponsorship",
            "id": "/subscriptions/808d89db-240f-46be-842e-c351bb8f968a",
            "location_placement_id": "PublicAndIndia_2015-09-01",
            "quota_id": "AzurePass_2014-09-01",
            "spending_limit": "Off",
            "state": "Enabled",
            "subscription_id": "808d89db-240f-46be-842e-c351bb8f968a",
            "tags": {},
            "tenant_id": "c8369efb-b29f-4f8d-a1f5-7b3673f8e716",
            "timeouts": null
          },
          "sensitive_attributes": []
        }
      ]
    },
    {
      "mode": "data",
      "type": "http",
      "name": "myip",
      "provider": "provider[\"registry.terraform.io/hashicorp/http\"]",
      "instances": [
        {
          "schema_version": 0,
          "attributes": {
            "body": "182.65.146.100",
            "id": "https://api.ipify.org",
            "request_headers": null,
            "response_headers": {
              "Connection": "keep-alive",
              "Content-Length": "14",
              "Content-Type": "text/plain",
              "Date": "Mon, 27 Dec 2021 13:13:11 GMT",
              "Server": "Cowboy",
              "Vary": "Origin",
              "Via": "1.1 vegur"
            },
            "url": "https://api.ipify.org"
          },
          "sensitive_attributes": []
        }
      ]
    },
    {
      "mode": "managed",
      "type": "azurerm_linux_virtual_machine",
      "name": "vm_instance",
      "provider": "provider[\"registry.terraform.io/hashicorp/azurerm\"]",
      "instances": [
        {
          "schema_version": 0,
          "attributes": {
            "additional_capabilities": [],
            "admin_password": null,
            "admin_ssh_key": [
              {
                "public_key": "ssh-rsa AAAAB3NzaC1yc2EAAAADAQABAAABgQDHjXrVlv3MX3JAZuo43p2mW2u02Vf0I6pDBLprxHaEpw09mswQGFbJpAR8UMeN73s4L4dgz0IDWfXHRQiQYwqbPwwY51NN0c5Sv4FGFhz4p2hJCR03Ez/VbNwDy/rsFQJTqucS8kruDIy3lM/BMpbhJ2F4R09P1UQao2lUESQwauP0/8ZwTs2J8IReVU5ZrL/KQX6wD0wf23vLfomBen972RksjpajhwaUW0ZVvQNIoUp0pCPKLZUFvGHIi/3uUoKZCsFxsdk140zq+hhRbE8DtzHyL9p69hUfmHUs4CrTrKPLIldSlGqu88e9da9OicGSKyiXhZsQCMU88CVcBWPRE1tPS8Ss0vnhFeJDr+FLnQguZljxQjf4xuWB/roMV4UA74XAkihzjEc5JnyIj7Znud+4hiRkIla2xdy2z+ChpAd0HhnJUJbDfD7bSEDTjT81Wx4S521nWAwP1gQBBU/lA5+II0MxWzxeBoGFRsJbfwyZ8sKIOTGIgzezZMFkfo0= generated-by-azure",
                "username": "ubuntu"
              }
            ],
            "admin_username": "ubuntu",
            "allow_extension_operations": true,
            "availability_set_id": "",
            "boot_diagnostics": [],
            "computer_name": "hitc-azure",
            "custom_data": null,
            "dedicated_host_id": "",
            "disable_password_authentication": true,
            "encryption_at_host_enabled": false,
            "eviction_policy": "",
            "extensions_time_budget": "PT1H30M",
            "id": "/subscriptions/808d89db-240f-46be-842e-c351bb8f968a/resourceGroups/hitc/providers/Microsoft.Compute/virtualMachines/hitc",
            "identity": [
              {
                "identity_ids": null,
                "principal_id": "88f795db-6a2c-4e95-8c37-f7692f36bc8d",
                "tenant_id": "c8369efb-b29f-4f8d-a1f5-7b3673f8e716",
                "type": "SystemAssigned"
              }
            ],
            "location": "centralus",
            "max_bid_price": -1,
            "name": "hitc",
            "network_interface_ids": [
              "/subscriptions/808d89db-240f-46be-842e-c351bb8f968a/resourceGroups/hitc/providers/Microsoft.Network/networkInterfaces/hitc-nic"
            ],
            "os_disk": [
              {
                "caching": "ReadWrite",
                "diff_disk_settings": [],
                "disk_encryption_set_id": "",
                "disk_size_gb": 30,
                "name": "hitc",
                "storage_account_type": "Standard_LRS",
                "write_accelerator_enabled": false
              }
            ],
            "plan": [],
            "priority": "Regular",
            "private_ip_address": "10.0.2.4",
            "private_ip_addresses": [
              "10.0.2.4"
            ],
            "provision_vm_agent": true,
            "proximity_placement_group_id": "",
            "public_ip_address": "23.99.199.17",
            "public_ip_addresses": [
              "23.99.199.17"
            ],
            "resource_group_name": "hitc",
            "secret": [],
            "size": "Standard_B1s",
            "source_image_id": "",
            "source_image_reference": [
              {
                "offer": "UbuntuServer",
                "publisher": "Canonical",
                "sku": "18.04-LTS",
                "version": "latest"
              }
            ],
            "tags": null,
            "timeouts": null,
            "virtual_machine_id": "21639256-8389-408d-8705-9e904b8b325e",
            "virtual_machine_scale_set_id": "",
            "zone": ""
          },
          "sensitive_attributes": [],
          "private": "eyJlMmJmYjczMC1lY2FhLTExZTYtOGY4OC0zNDM2M2JjN2M0YzAiOnsiY3JlYXRlIjoyNzAwMDAwMDAwMDAwLCJkZWxldGUiOjI3MDAwMDAwMDAwMDAsInJlYWQiOjMwMDAwMDAwMDAwMCwidXBkYXRlIjoyNzAwMDAwMDAwMDAwfX0=",
          "dependencies": [
            "azurerm_network_interface.hitc-nic",
            "azurerm_public_ip.hitc",
            "azurerm_resource_group.hitc",
            "azurerm_subnet.hitc-subnet",
            "azurerm_virtual_network.hitc-vnet"
          ]
        }
      ]
    },
    {
      "mode": "managed",
      "type": "azurerm_network_interface",
      "name": "hitc-nic",
      "provider": "provider[\"registry.terraform.io/hashicorp/azurerm\"]",
      "instances": [
        {
          "schema_version": 0,
          "attributes": {
            "applied_dns_servers": [],
            "dns_servers": [],
            "enable_accelerated_networking": false,
            "enable_ip_forwarding": false,
            "id": "/subscriptions/808d89db-240f-46be-842e-c351bb8f968a/resourceGroups/hitc/providers/Microsoft.Network/networkInterfaces/hitc-nic",
            "internal_dns_name_label": "",
            "internal_domain_name_suffix": "p1u2tkabjveurikfpbcgvc4fde.gx.internal.cloudapp.net",
            "ip_configuration": [
              {
                "name": "myNicConfiguration",
                "primary": true,
                "private_ip_address": "10.0.2.4",
                "private_ip_address_allocation": "Dynamic",
                "private_ip_address_version": "IPv4",
                "public_ip_address_id": "/subscriptions/808d89db-240f-46be-842e-c351bb8f968a/resourceGroups/hitc/providers/Microsoft.Network/publicIPAddresses/hitc",
                "subnet_id": "/subscriptions/808d89db-240f-46be-842e-c351bb8f968a/resourceGroups/hitc/providers/Microsoft.Network/virtualNetworks/hitc-vnet/subnets/hitc-subnet"
              }
            ],
            "location": "centralus",
            "mac_address": "",
            "name": "hitc-nic",
            "private_ip_address": "10.0.2.4",
            "private_ip_addresses": [
              "10.0.2.4"
            ],
            "resource_group_name": "hitc",
            "tags": null,
            "timeouts": null,
            "virtual_machine_id": ""
          },
          "sensitive_attributes": [],
          "private": "eyJlMmJmYjczMC1lY2FhLTExZTYtOGY4OC0zNDM2M2JjN2M0YzAiOnsiY3JlYXRlIjoxODAwMDAwMDAwMDAwLCJkZWxldGUiOjE4MDAwMDAwMDAwMDAsInJlYWQiOjMwMDAwMDAwMDAwMCwidXBkYXRlIjoxODAwMDAwMDAwMDAwfX0=",
          "dependencies": [
            "azurerm_public_ip.hitc",
            "azurerm_resource_group.hitc",
            "azurerm_subnet.hitc-subnet",
            "azurerm_virtual_network.hitc-vnet"
          ]
        }
      ]
    },
    {
      "mode": "managed",
      "type": "azurerm_network_interface_security_group_association",
      "name": "hitc",
      "provider": "provider[\"registry.terraform.io/hashicorp/azurerm\"]",
      "instances": [
        {
          "schema_version": 0,
          "attributes": {
            "id": "/subscriptions/808d89db-240f-46be-842e-c351bb8f968a/resourceGroups/hitc/providers/Microsoft.Network/networkInterfaces/hitc-nic|/subscriptions/808d89db-240f-46be-842e-c351bb8f968a/resourceGroups/hitc/providers/Microsoft.Network/networkSecurityGroups/hitc-nsg",
            "network_interface_id": "/subscriptions/808d89db-240f-46be-842e-c351bb8f968a/resourceGroups/hitc/providers/Microsoft.Network/networkInterfaces/hitc-nic",
            "network_security_group_id": "/subscriptions/808d89db-240f-46be-842e-c351bb8f968a/resourceGroups/hitc/providers/Microsoft.Network/networkSecurityGroups/hitc-nsg",
            "timeouts": null
          },
          "sensitive_attributes": [],
          "private": "eyJlMmJmYjczMC1lY2FhLTExZTYtOGY4OC0zNDM2M2JjN2M0YzAiOnsiY3JlYXRlIjoxODAwMDAwMDAwMDAwLCJkZWxldGUiOjE4MDAwMDAwMDAwMDAsInJlYWQiOjMwMDAwMDAwMDAwMCwidXBkYXRlIjoxODAwMDAwMDAwMDAwfX0=",
          "dependencies": [
            "azurerm_network_interface.hitc-nic",
            "azurerm_network_security_group.hitc-nsg",
            "azurerm_public_ip.hitc",
            "azurerm_resource_group.hitc",
            "azurerm_subnet.hitc-subnet",
            "azurerm_virtual_network.hitc-vnet",
            "data.http.myip"
          ]
        }
      ]
    },
    {
      "mode": "managed",
      "type": "azurerm_network_security_group",
      "name": "hitc-nsg",
      "provider": "provider[\"registry.terraform.io/hashicorp/azurerm\"]",
      "instances": [
        {
          "schema_version": 0,
          "attributes": {
            "id": "/subscriptions/808d89db-240f-46be-842e-c351bb8f968a/resourceGroups/hitc/providers/Microsoft.Network/networkSecurityGroups/hitc-nsg",
            "location": "centralus",
            "name": "hitc-nsg",
            "resource_group_name": "hitc",
            "security_rule": [
              {
                "access": "Allow",
                "description": "",
                "destination_address_prefix": "*",
                "destination_address_prefixes": [],
                "destination_application_security_group_ids": [],
                "destination_port_range": "22",
                "destination_port_ranges": [],
                "direction": "Inbound",
                "name": "SSH",
                "priority": 1001,
                "protocol": "Tcp",
                "source_address_prefix": "182.65.146.100/32",
                "source_address_prefixes": [],
                "source_application_security_group_ids": [],
                "source_port_range": "*",
                "source_port_ranges": []
              }
            ],
            "tags": {
              "environment": "HitC Demo"
            },
            "timeouts": null
          },
          "sensitive_attributes": [],
          "private": "eyJlMmJmYjczMC1lY2FhLTExZTYtOGY4OC0zNDM2M2JjN2M0YzAiOnsiY3JlYXRlIjoxODAwMDAwMDAwMDAwLCJkZWxldGUiOjE4MDAwMDAwMDAwMDAsInJlYWQiOjMwMDAwMDAwMDAwMCwidXBkYXRlIjoxODAwMDAwMDAwMDAwfX0=",
          "dependencies": [
            "azurerm_resource_group.hitc",
            "data.http.myip"
          ]
        }
      ]
    },
    {
      "mode": "managed",
      "type": "azurerm_public_ip",
      "name": "hitc",
      "provider": "provider[\"registry.terraform.io/hashicorp/azurerm\"]",
      "instances": [
        {
          "schema_version": 0,
          "attributes": {
            "allocation_method": "Dynamic",
            "domain_name_label": null,
            "fqdn": null,
            "id": "/subscriptions/808d89db-240f-46be-842e-c351bb8f968a/resourceGroups/hitc/providers/Microsoft.Network/publicIPAddresses/hitc",
            "idle_timeout_in_minutes": 4,
            "ip_address": "",
            "ip_version": "IPv4",
            "location": "centralus",
            "name": "hitc",
            "public_ip_prefix_id": null,
            "resource_group_name": "hitc",
            "reverse_fqdn": null,
            "sku": "Basic",
            "tags": null,
            "timeouts": null,
            "zones": null
          },
          "sensitive_attributes": [],
          "private": "eyJlMmJmYjczMC1lY2FhLTExZTYtOGY4OC0zNDM2M2JjN2M0YzAiOnsiY3JlYXRlIjoxODAwMDAwMDAwMDAwLCJkZWxldGUiOjE4MDAwMDAwMDAwMDAsInJlYWQiOjMwMDAwMDAwMDAwMCwidXBkYXRlIjoxODAwMDAwMDAwMDAwfX0=",
          "dependencies": [
            "azurerm_resource_group.hitc"
          ]
        }
      ]
    },
    {
      "mode": "managed",
      "type": "azurerm_resource_group",
      "name": "hitc",
      "provider": "provider[\"registry.terraform.io/hashicorp/azurerm\"]",
      "instances": [
        {
          "schema_version": 0,
          "attributes": {
            "id": "/subscriptions/808d89db-240f-46be-842e-c351bb8f968a/resourceGroups/hitc",
            "location": "centralus",
            "name": "hitc",
            "tags": null,
            "timeouts": null
          },
          "sensitive_attributes": [],
          "private": "eyJlMmJmYjczMC1lY2FhLTExZTYtOGY4OC0zNDM2M2JjN2M0YzAiOnsiY3JlYXRlIjo1NDAwMDAwMDAwMDAwLCJkZWxldGUiOjU0MDAwMDAwMDAwMDAsInJlYWQiOjMwMDAwMDAwMDAwMCwidXBkYXRlIjo1NDAwMDAwMDAwMDAwfX0="
        }
      ]
    },
    {
      "mode": "managed",
      "type": "azurerm_subnet",
      "name": "hitc-subnet",
      "provider": "provider[\"registry.terraform.io/hashicorp/azurerm\"]",
      "instances": [
        {
          "schema_version": 0,
          "attributes": {
            "address_prefix": "10.0.2.0/24",
            "address_prefixes": [
              "10.0.2.0/24"
            ],
            "delegation": [],
            "enforce_private_link_endpoint_network_policies": false,
            "enforce_private_link_service_network_policies": false,
            "id": "/subscriptions/808d89db-240f-46be-842e-c351bb8f968a/resourceGroups/hitc/providers/Microsoft.Network/virtualNetworks/hitc-vnet/subnets/hitc-subnet",
            "name": "hitc-subnet",
            "resource_group_name": "hitc",
            "service_endpoint_policy_ids": null,
            "service_endpoints": null,
            "timeouts": null,
            "virtual_network_name": "hitc-vnet"
          },
          "sensitive_attributes": [],
          "private": "eyJlMmJmYjczMC1lY2FhLTExZTYtOGY4OC0zNDM2M2JjN2M0YzAiOnsiY3JlYXRlIjoxODAwMDAwMDAwMDAwLCJkZWxldGUiOjE4MDAwMDAwMDAwMDAsInJlYWQiOjMwMDAwMDAwMDAwMCwidXBkYXRlIjoxODAwMDAwMDAwMDAwfX0=",
          "dependencies": [
            "azurerm_resource_group.hitc",
            "azurerm_virtual_network.hitc-vnet"
          ]
        }
      ]
    },
    {
      "mode": "managed",
      "type": "azurerm_virtual_network",
      "name": "hitc-vnet",
      "provider": "provider[\"registry.terraform.io/hashicorp/azurerm\"]",
      "instances": [
        {
          "schema_version": 0,
          "attributes": {
            "address_space": [
              "10.0.0.0/16"
            ],
            "bgp_community": "",
            "ddos_protection_plan": [],
            "dns_servers": null,
            "guid": "a8c9e97e-4d01-4849-a145-78446a8bc51c",
            "id": "/subscriptions/808d89db-240f-46be-842e-c351bb8f968a/resourceGroups/hitc/providers/Microsoft.Network/virtualNetworks/hitc-vnet",
            "location": "centralus",
            "name": "hitc-vnet",
            "resource_group_name": "hitc",
            "subnet": [],
            "tags": null,
            "timeouts": null,
            "vm_protection_enabled": false
          },
          "sensitive_attributes": [],
          "private": "eyJlMmJmYjczMC1lY2FhLTExZTYtOGY4OC0zNDM2M2JjN2M0YzAiOnsiY3JlYXRlIjoxODAwMDAwMDAwMDAwLCJkZWxldGUiOjE4MDAwMDAwMDAwMDAsInJlYWQiOjMwMDAwMDAwMDAwMCwidXBkYXRlIjoxODAwMDAwMDAwMDAwfX0=",
          "dependencies": [
            "azurerm_resource_group.hitc"
          ]
        }
      ]
    }
  ]
}
